{
  "version": 1,
  "dependencies": {
    "net6.0-windows7.0": {
      "DalamudPackager": {
        "type": "Direct",
        "requested": "[2.1.9, )",
        "resolved": "2.1.9",
        "contentHash": "raxjlbAWAt9AYXTiRlRJOHHFOraNicVsPJXlFQEzx+Ym2Imh990llQ5bQ+DACVGgy65+axVnlL9QwkKspY5yzQ=="
      },
      "ZstdSharp.Port": {
        "type": "Direct",
        "requested": "[0.7.1, )",
        "resolved": "0.7.1",
        "contentHash": "Idgg+mJEyAujqDPzA3APy9dNoyw0YQcNA65GgYjktDRtJ+nvx/hv+J+m6Eax3JJMGEYGy04oc5YNP6ZvQ3Y1vQ=="
      }
    }
  }
}